
Microsoft Visual Studio Solution File, Format Version 12.00
# Visual Studio Version 17
VisualStudioVersion = 17.4.33122.133
MinimumVisualStudioVersion = 10.0.40219.1
Project("{9A19103F-16F7-4668-BE54-9A1E7A4F7556}") = "Domain", "Domain\Domain.csproj", "{1F0E689B-6516-41FF-B6E3-343D60D614D3}"
EndProject
Project("{9A19103F-16F7-4668-BE54-9A1E7A4F7556}") = "Application", "Application\Application.csproj", "{77840812-776E-4A3C-8066-7D422B46F2A3}"
EndProject
Project("{9A19103F-16F7-4668-BE54-9A1E7A4F7556}") = "Infrastructure", "Infrastructure\Infrastructure.csproj", "{0EECDA5B-ADD9-4695-80E5-3DF9834FA5A6}"
EndProject
Project("{9A19103F-16F7-4668-BE54-9A1E7A4F7556}") = "WebApi", "WebApi\WebApi.csproj", "{38FFB359-9379-4DCE-8A78-7EE67B911546}"
EndProject
Project("{FAE04EC0-301F-11D3-BF4B-00C04F79EFBC}") = "Persistence", "Persistence\Persistence.csproj", "{CA043525-27C5-4933-ACC3-8BBBF36C8FA2}"
EndProject
Global
	GlobalSection(SolutionConfigurationPlatforms) = preSolution
		Debug|Any CPU = Debug|Any CPU
		Release|Any CPU = Release|Any CPU
	EndGlobalSection
	GlobalSection(ProjectConfigurationPlatforms) = postSolution
		{1F0E689B-6516-41FF-B6E3-343D60D614D3}.Debug|Any CPU.ActiveCfg = Debug|Any CPU
		{1F0E689B-6516-41FF-B6E3-343D60D614D3}.Debug|Any CPU.Build.0 = Debug|Any CPU
		{1F0E689B-6516-41FF-B6E3-343D60D614D3}.Release|Any CPU.ActiveCfg = Release|Any CPU
		{1F0E689B-6516-41FF-B6E3-343D60D614D3}.Release|Any CPU.Build.0 = Release|Any CPU
		{77840812-776E-4A3C-8066-7D422B46F2A3}.Debug|Any CPU.ActiveCfg = Debug|Any CPU
		{77840812-776E-4A3C-8066-7D422B46F2A3}.Debug|Any CPU.Build.0 = Debug|Any CPU
		{77840812-776E-4A3C-8066-7D422B46F2A3}.Release|Any CPU.ActiveCfg = Release|Any CPU
		{77840812-776E-4A3C-8066-7D422B46F2A3}.Release|Any CPU.Build.0 = Release|Any CPU
		{0EECDA5B-ADD9-4695-80E5-3DF9834FA5A6}.Debug|Any CPU.ActiveCfg = Debug|Any CPU
		{0EECDA5B-ADD9-4695-80E5-3DF9834FA5A6}.Debug|Any CPU.Build.0 = Debug|Any CPU
		{0EECDA5B-ADD9-4695-80E5-3DF9834FA5A6}.Release|Any CPU.ActiveCfg = Release|Any CPU
		{0EECDA5B-ADD9-4695-80E5-3DF9834FA5A6}.Release|Any CPU.Build.0 = Release|Any CPU
		{38FFB359-9379-4DCE-8A78-7EE67B911546}.Debug|Any CPU.ActiveCfg = Debug|Any CPU
		{38FFB359-9379-4DCE-8A78-7EE67B911546}.Debug|Any CPU.Build.0 = Debug|Any CPU
		{38FFB359-9379-4DCE-8A78-7EE67B911546}.Release|Any CPU.ActiveCfg = Release|Any CPU
		{38FFB359-9379-4DCE-8A78-7EE67B911546}.Release|Any CPU.Build.0 = Release|Any CPU
		{CA043525-27C5-4933-ACC3-8BBBF36C8FA2}.Debug|Any CPU.ActiveCfg = Debug|Any CPU
		{CA043525-27C5-4933-ACC3-8BBBF36C8FA2}.Debug|Any CPU.Build.0 = Debug|Any CPU
		{CA043525-27C5-4933-ACC3-8BBBF36C8FA2}.Release|Any CPU.ActiveCfg = Release|Any CPU
		{CA043525-27C5-4933-ACC3-8BBBF36C8FA2}.Release|Any CPU.Build.0 = Release|Any CPU
	EndGlobalSection
	GlobalSection(SolutionProperties) = preSolution
		HideSolutionNode = FALSE
	EndGlobalSection
	GlobalSection(ExtensibilityGlobals) = postSolution
		SolutionGuid = {8C8EAB47-274F-43AD-AC11-AA32CB39AC55}
	EndGlobalSection
EndGlobal
